<?xml version="1.0" encoding="utf-8"?>
<Project ToolsVersion="4.0" xmlns="http://schemas.microsoft.com/developer/msbuild/2003">
  <ItemGroup>
    <Filter Include="TrainingFramework\src">
      <UniqueIdentifier>{8a7743df-99d6-42d7-8300-83c77d25c345}</UniqueIdentifier>
    </Filter>
    <Filter Include="TrainingFramework">
      <UniqueIdentifier>{b7c91549-da04-4eee-96da-520fa8f75a57}</UniqueIdentifier>
    </Filter>
    <Filter Include="TrainingFramework\src\GameManager">
      <UniqueIdentifier>{7027cc7e-3941-43d3-9fd3-7009a76c222b}</UniqueIdentifier>
    </Filter>
    <Filter Include="TrainingFramework\src\GameStates">
      <UniqueIdentifier>{2a875364-1a2b-4ea6-a6fe-716988208916}</UniqueIdentifier>
    </Filter>
    <Filter Include="TrainingFramework\src\GameObject">
      <UniqueIdentifier>{b48ba444-76f6-4d0d-8b35-cf5ac1167e78}</UniqueIdentifier>
    </Filter>
    <Filter Include="TrainingFramework\src\GameObject\Base">
      <UniqueIdentifier>{d3ff3788-46e2-42fd-b94b-0b4b69a674a5}</UniqueIdentifier>
    </Filter>
    <Filter Include="TrainingFramework\src\AL">
      <UniqueIdentifier>{5420b59b-4eb1-4db1-8567-660f70b04e53}</UniqueIdentifier>
    </Filter>
  </ItemGroup>
  <ItemGroup>
    <ClCompile Include="src\Application.cpp">
      <Filter>TrainingFramework\src</Filter>
    </ClCompile>
    <ClCompile Include="src\TrainingFramework.cpp">
      <Filter>TrainingFramework\src</Filter>
    </ClCompile>
    <ClCompile Include="src\GameStates\GameStateBase.cpp">
      <Filter>TrainingFramework\src\GameStates</Filter>
    </ClCompile>
    <ClCompile Include="src\GameStates\GameStateMachine.cpp">
      <Filter>TrainingFramework\src\GameStates</Filter>
    </ClCompile>
    <ClCompile Include="src\GameStates\GSIntro.cpp">
      <Filter>TrainingFramework\src\GameStates</Filter>
    </ClCompile>
    <ClCompile Include="src\GameStates\GSMenu.cpp">
      <Filter>TrainingFramework\src\GameStates</Filter>
    </ClCompile>
    <ClCompile Include="src\GameStates\GSPlay.cpp">
      <Filter>TrainingFramework\src\GameStates</Filter>
    </ClCompile>
    <ClCompile Include="src\GameManager\ResourceManagers.cpp">
      <Filter>TrainingFramework\src\GameManager</Filter>
    </ClCompile>
    <ClCompile Include="GSCredit.cpp">
      <Filter>TrainingFramework\src\GameStates</Filter>
    </ClCompile>
    <ClCompile Include="Arrow.cpp">
      <Filter>TrainingFramework\src\GameObject</Filter>
    </ClCompile>
    <ClCompile Include="Target.cpp">
      <Filter>TrainingFramework\src\GameObject</Filter>
    </ClCompile>
    <ClCompile Include="MainCharacter.cpp">
      <Filter>TrainingFramework\src\GameObject</Filter>
    </ClCompile>
    <ClCompile Include="src\GameObject\Camera.cpp">
      <Filter>TrainingFramework\src\GameObject\Base</Filter>
    </ClCompile>
    <ClCompile Include="src\GameObject\Font.cpp">
      <Filter>TrainingFramework\src\GameObject\Base</Filter>
    </ClCompile>
    <ClCompile Include="src\GameObject\GameButton.cpp">
      <Filter>TrainingFramework\src\GameObject\Base</Filter>
    </ClCompile>
    <ClCompile Include="src\GameObject\Model.cpp">
      <Filter>TrainingFramework\src\GameObject\Base</Filter>
    </ClCompile>
    <ClCompile Include="src\GameObject\Shader.cpp">
      <Filter>TrainingFramework\src\GameObject\Base</Filter>
    </ClCompile>
    <ClCompile Include="src\GameObject\Sprite2D.cpp">
      <Filter>TrainingFramework\src\GameObject\Base</Filter>
    </ClCompile>
    <ClCompile Include="src\GameObject\Sprite3D.cpp">
      <Filter>TrainingFramework\src\GameObject\Base</Filter>
    </ClCompile>
    <ClCompile Include="src\GameObject\Text.cpp">
      <Filter>TrainingFramework\src\GameObject\Base</Filter>
    </ClCompile>
    <ClCompile Include="src\GameObject\Texture.cpp">
      <Filter>TrainingFramework\src\GameObject\Base</Filter>
    </ClCompile>
    <ClCompile Include="GSMenuAfterGame.cpp">
      <Filter>TrainingFramework\src\GameStates</Filter>
    </ClCompile>
    <ClCompile Include="GSMenuInGame.cpp">
      <Filter>TrainingFramework\src\GameStates</Filter>
    </ClCompile>
    <ClCompile Include="AnimationSprite.cpp">
      <Filter>TrainingFramework\src\GameObject\Base</Filter>
    </ClCompile>
    <ClCompile Include="Explosion.cpp">
      <Filter>TrainingFramework\src\GameObject</Filter>
    </ClCompile>
    <ClCompile Include="src\AL\SoundBuffer.cpp">
      <Filter>TrainingFramework\src\AL</Filter>
    </ClCompile>
    <ClCompile Include="src\AL\SoundDevice.cpp">
      <Filter>TrainingFramework\src\AL</Filter>
    </ClCompile>
    <ClCompile Include="src\AL\SoundSource.cpp">
      <Filter>TrainingFramework\src\AL</Filter>
    </ClCompile>
    <ClCompile Include="src\AL\ClassSound.cpp">
      <Filter>TrainingFramework\src\AL</Filter>
    </ClCompile>
    <ClCompile Include="GSOption.cpp">
      <Filter>TrainingFramework\src\GameStates</Filter>
    </ClCompile>
  </ItemGroup>
  <ItemGroup>
    <ClInclude Include="src\Application.h">
      <Filter>TrainingFramework\src</Filter>
    </ClInclude>
    <ClInclude Include="src\GameConfig.h">
      <Filter>TrainingFramework\src</Filter>
    </ClInclude>
    <ClInclude Include="src\GameManager\Singleton.h">
      <Filter>TrainingFramework\src\GameManager</Filter>
    </ClInclude>
    <ClInclude Include="src\GameStates\GameStateBase.h">
      <Filter>TrainingFramework\src\GameStates</Filter>
    </ClInclude>
    <ClInclude Include="src\GameStates\GameStateMachine.h">
      <Filter>TrainingFramework\src\GameStates</Filter>
    </ClInclude>
    <ClInclude Include="src\GameStates\GSIntro.h">
      <Filter>TrainingFramework\src\GameStates</Filter>
    </ClInclude>
    <ClInclude Include="src\GameStates\GSMenu.h">
      <Filter>TrainingFramework\src\GameStates</Filter>
    </ClInclude>
    <ClInclude Include="src\GameStates\GSPlay.h">
      <Filter>TrainingFramework\src\GameStates</Filter>
    </ClInclude>
    <ClInclude Include="src\GameManager\ResourceManagers.h">
      <Filter>TrainingFramework\src\GameManager</Filter>
    </ClInclude>
    <ClInclude Include="ObjectPool.h">
      <Filter>TrainingFramework\src\GameManager</Filter>
    </ClInclude>
    <ClInclude Include="Arrow.h">
      <Filter>TrainingFramework\src\GameObject</Filter>
    </ClInclude>
    <ClInclude Include="Target.h">
      <Filter>TrainingFramework\src\GameObject</Filter>
    </ClInclude>
    <ClInclude Include="MainCharacter.h">
      <Filter>TrainingFramework\src\GameObject</Filter>
    </ClInclude>
    <ClInclude Include="Movable.h">
      <Filter>TrainingFramework\src\GameObject</Filter>
    </ClInclude>
    <ClInclude Include="resource.h">
      <Filter>TrainingFramework\src\GameObject</Filter>
    </ClInclude>
    <ClInclude Include="src\GameObject\BaseObject.h">
      <Filter>TrainingFramework\src\GameObject\Base</Filter>
    </ClInclude>
    <ClInclude Include="src\GameObject\Camera.h">
      <Filter>TrainingFramework\src\GameObject\Base</Filter>
    </ClInclude>
    <ClInclude Include="src\GameObject\Font.h">
      <Filter>TrainingFramework\src\GameObject\Base</Filter>
    </ClInclude>
    <ClInclude Include="src\GameObject\GameButton.h">
      <Filter>TrainingFramework\src\GameObject\Base</Filter>
    </ClInclude>
    <ClInclude Include="src\GameObject\Model.h">
      <Filter>TrainingFramework\src\GameObject\Base</Filter>
    </ClInclude>
    <ClInclude Include="src\GameObject\Shader.h">
      <Filter>TrainingFramework\src\GameObject\Base</Filter>
    </ClInclude>
    <ClInclude Include="src\GameObject\Sprite2D.h">
      <Filter>TrainingFramework\src\GameObject\Base</Filter>
    </ClInclude>
    <ClInclude Include="src\GameObject\Sprite3D.h">
      <Filter>TrainingFramework\src\GameObject\Base</Filter>
    </ClInclude>
    <ClInclude Include="src\GameObject\Text.h">
      <Filter>TrainingFramework\src\GameObject\Base</Filter>
    </ClInclude>
    <ClInclude Include="src\GameObject\Texture.h">
      <Filter>TrainingFramework\src\GameObject\Base</Filter>
    </ClInclude>
    <ClInclude Include="SelfDestructable.h">
      <Filter>TrainingFramework\src\GameObject</Filter>
    </ClInclude>
    <ClInclude Include="GSCredit.h">
      <Filter>TrainingFramework\src\GameStates</Filter>
    </ClInclude>
    <ClInclude Include="GSMenuAfterGame.h">
      <Filter>TrainingFramework\src\GameStates</Filter>
    </ClInclude>
    <ClInclude Include="GSMenuInGame.h">
      <Filter>TrainingFramework\src\GameStates</Filter>
    </ClInclude>
    <ClInclude Include="AnimationSprite.h">
      <Filter>TrainingFramework\src\GameObject\Base</Filter>
    </ClInclude>
    <ClInclude Include="Explosion.h">
      <Filter>TrainingFramework\src\GameObject</Filter>
    </ClInclude>
    <ClInclude Include="src\AL\SoundBuffer.h">
      <Filter>TrainingFramework\src\AL</Filter>
    </ClInclude>
    <ClInclude Include="src\AL\SoundDevice.h">
      <Filter>TrainingFramework\src\AL</Filter>
    </ClInclude>
    <ClInclude Include="src\AL\SoundSource.h">
      <Filter>TrainingFramework\src\AL</Filter>
    </ClInclude>
    <ClInclude Include="src\AL\ClassSound.h">
      <Filter>TrainingFramework\src\AL</Filter>
    </ClInclude>
    <ClInclude Include="GSOption.h">
      <Filter>TrainingFramework\src\GameStates</Filter>
    </ClInclude>
  </ItemGroup>
  <ItemGroup>
    <ResourceCompile Include="TrainingFramework.rc" />
  </ItemGroup>
  <ItemGroup>
    <None Include="ClassDiagram.cd">
      <Filter>TrainingFramework</Filter>
    </None>
  </ItemGroup>
</Project>